
Microsoft Visual Studio Solution File, Format Version 12.00
# Visual Studio Version 17
VisualStudioVersion = 17.0.31903.59
MinimumVisualStudioVersion = 10.0.40219.1
Project("{FAE04EC0-301F-11D3-BF4B-00C04F79EFBC}") = "ParmaDelivery.Core", "ParmaDelivery.Core\ParmaDelivery.Core.csproj", "{50E4BCB9-FAFF-4111-BA47-ED6F1A0321F6}"
EndProject
Project("{FAE04EC0-301F-11D3-BF4B-00C04F79EFBC}") = "ParmaDelivery.Infrastructure", "ParmaDelivery.Infrastructure\ParmaDelivery.Infrastructure.csproj", "{063BFED0-F7FD-435D-BD01-DDFA2A18AF26}"
EndProject
Project("{FAE04EC0-301F-11D3-BF4B-00C04F79EFBC}") = "ParmaDelivery.WebAPI", "ParmaDelivery.WebAPI\ParmaDelivery.WebAPI.csproj", "{F3998EAC-39B1-47FF-9D46-FAF4A3489FE7}"
EndProject
Global
	GlobalSection(SolutionConfigurationPlatforms) = preSolution
		Debug|Any CPU = Debug|Any CPU
		Debug|x64 = Debug|x64
		Debug|x86 = Debug|x86
		Release|Any CPU = Release|Any CPU
		Release|x64 = Release|x64
		Release|x86 = Release|x86
	EndGlobalSection
	GlobalSection(ProjectConfigurationPlatforms) = postSolution
		{50E4BCB9-FAFF-4111-BA47-ED6F1A0321F6}.Debug|Any CPU.ActiveCfg = Debug|Any CPU
		{50E4BCB9-FAFF-4111-BA47-ED6F1A0321F6}.Debug|Any CPU.Build.0 = Debug|Any CPU
		{50E4BCB9-FAFF-4111-BA47-ED6F1A0321F6}.Debug|x64.ActiveCfg = Debug|Any CPU
		{50E4BCB9-FAFF-4111-BA47-ED6F1A0321F6}.Debug|x64.Build.0 = Debug|Any CPU
		{50E4BCB9-FAFF-4111-BA47-ED6F1A0321F6}.Debug|x86.ActiveCfg = Debug|Any CPU
		{50E4BCB9-FAFF-4111-BA47-ED6F1A0321F6}.Debug|x86.Build.0 = Debug|Any CPU
		{50E4BCB9-FAFF-4111-BA47-ED6F1A0321F6}.Release|Any CPU.ActiveCfg = Release|Any CPU
		{50E4BCB9-FAFF-4111-BA47-ED6F1A0321F6}.Release|Any CPU.Build.0 = Release|Any CPU
		{50E4BCB9-FAFF-4111-BA47-ED6F1A0321F6}.Release|x64.ActiveCfg = Release|Any CPU
		{50E4BCB9-FAFF-4111-BA47-ED6F1A0321F6}.Release|x64.Build.0 = Release|Any CPU
		{50E4BCB9-FAFF-4111-BA47-ED6F1A0321F6}.Release|x86.ActiveCfg = Release|Any CPU
		{50E4BCB9-FAFF-4111-BA47-ED6F1A0321F6}.Release|x86.Build.0 = Release|Any CPU
		{063BFED0-F7FD-435D-BD01-DDFA2A18AF26}.Debug|Any CPU.ActiveCfg = Debug|Any CPU
		{063BFED0-F7FD-435D-BD01-DDFA2A18AF26}.Debug|Any CPU.Build.0 = Debug|Any CPU
		{063BFED0-F7FD-435D-BD01-DDFA2A18AF26}.Debug|x64.ActiveCfg = Debug|Any CPU
		{063BFED0-F7FD-435D-BD01-DDFA2A18AF26}.Debug|x64.Build.0 = Debug|Any CPU
		{063BFED0-F7FD-435D-BD01-DDFA2A18AF26}.Debug|x86.ActiveCfg = Debug|Any CPU
		{063BFED0-F7FD-435D-BD01-DDFA2A18AF26}.Debug|x86.Build.0 = Debug|Any CPU
		{063BFED0-F7FD-435D-BD01-DDFA2A18AF26}.Release|Any CPU.ActiveCfg = Release|Any CPU
		{063BFED0-F7FD-435D-BD01-DDFA2A18AF26}.Release|Any CPU.Build.0 = Release|Any CPU
		{063BFED0-F7FD-435D-BD01-DDFA2A18AF26}.Release|x64.ActiveCfg = Release|Any CPU
		{063BFED0-F7FD-435D-BD01-DDFA2A18AF26}.Release|x64.Build.0 = Release|Any CPU
		{063BFED0-F7FD-435D-BD01-DDFA2A18AF26}.Release|x86.ActiveCfg = Release|Any CPU
		{063BFED0-F7FD-435D-BD01-DDFA2A18AF26}.Release|x86.Build.0 = Release|Any CPU
		{F3998EAC-39B1-47FF-9D46-FAF4A3489FE7}.Debug|Any CPU.ActiveCfg = Debug|Any CPU
		{F3998EAC-39B1-47FF-9D46-FAF4A3489FE7}.Debug|Any CPU.Build.0 = Debug|Any CPU
		{F3998EAC-39B1-47FF-9D46-FAF4A3489FE7}.Debug|x64.ActiveCfg = Debug|Any CPU
		{F3998EAC-39B1-47FF-9D46-FAF4A3489FE7}.Debug|x64.Build.0 = Debug|Any CPU
		{F3998EAC-39B1-47FF-9D46-FAF4A3489FE7}.Debug|x86.ActiveCfg = Debug|Any CPU
		{F3998EAC-39B1-47FF-9D46-FAF4A3489FE7}.Debug|x86.Build.0 = Debug|Any CPU
		{F3998EAC-39B1-47FF-9D46-FAF4A3489FE7}.Release|Any CPU.ActiveCfg = Release|Any CPU
		{F3998EAC-39B1-47FF-9D46-FAF4A3489FE7}.Release|Any CPU.Build.0 = Release|Any CPU
		{F3998EAC-39B1-47FF-9D46-FAF4A3489FE7}.Release|x64.ActiveCfg = Release|Any CPU
		{F3998EAC-39B1-47FF-9D46-FAF4A3489FE7}.Release|x64.Build.0 = Release|Any CPU
		{F3998EAC-39B1-47FF-9D46-FAF4A3489FE7}.Release|x86.ActiveCfg = Release|Any CPU
		{F3998EAC-39B1-47FF-9D46-FAF4A3489FE7}.Release|x86.Build.0 = Release|Any CPU
	EndGlobalSection
	GlobalSection(SolutionProperties) = preSolution
		HideSolutionNode = FALSE
	EndGlobalSection
EndGlobal
